// !$*UTF8*$!
{
	archiveVersion = 1;
	classes = {
	};
	objectVersion = 55;
	objects = {

/* Begin PBXBuildFile section */
		6D431BFA27709E330067D951 /* Color.swift in Sources */ = {isa = PBXBuildFile; fileRef = 6D431BF927709E330067D951 /* Color.swift */; };
		6D431BFD2770B9AD0067D951 /* SignUpView.swift in Sources */ = {isa = PBXBuildFile; fileRef = 6D431BFC2770B9AD0067D951 /* SignUpView.swift */; };
		6D431BFF2770C06B0067D951 /* TimerView.swift in Sources */ = {isa = PBXBuildFile; fileRef = 6D431BFE2770C06B0067D951 /* TimerView.swift */; };
		6D431C0A2770EDA90067D951 /* IssuePageView.swift in Sources */ = {isa = PBXBuildFile; fileRef = 6D431C092770EDA90067D951 /* IssuePageView.swift */; };
		6D431C0C2770EF5D0067D951 /* ToggleView.swift in Sources */ = {isa = PBXBuildFile; fileRef = 6D431C0B2770EF5D0067D951 /* ToggleView.swift */; };
		6D431C0E2770FE6F0067D951 /* ProfilView.swift in Sources */ = {isa = PBXBuildFile; fileRef = 6D431C0D2770FE6E0067D951 /* ProfilView.swift */; };
		6D431C182771D1340067D951 /* ChangeView.swift in Sources */ = {isa = PBXBuildFile; fileRef = 6D431C172771D1340067D951 /* ChangeView.swift */; };
		6D431C1A2771D8FA0067D951 /* RootView.swift in Sources */ = {isa = PBXBuildFile; fileRef = 6D431C192771D8FA0067D951 /* RootView.swift */; };
		6D431C1C2771D97C0067D951 /* ViewRouter.swift in Sources */ = {isa = PBXBuildFile; fileRef = 6D431C1B2771D97C0067D951 /* ViewRouter.swift */; };
		6D7FB02B278EEB8700CC3AEC /* FirebaseAuth in Frameworks */ = {isa = PBXBuildFile; productRef = 6D7FB02A278EEB8700CC3AEC /* FirebaseAuth */; };
		6D7FB02D278EEB8700CC3AEC /* FirebaseAuthCombine-Community in Frameworks */ = {isa = PBXBuildFile; productRef = 6D7FB02C278EEB8700CC3AEC /* FirebaseAuthCombine-Community */; };
		6D7FB02F278EEB8700CC3AEC /* FirebaseDatabase in Frameworks */ = {isa = PBXBuildFile; productRef = 6D7FB02E278EEB8700CC3AEC /* FirebaseDatabase */; };
		6D7FB031278EEB8700CC3AEC /* FirebaseDatabaseSwift-Beta in Frameworks */ = {isa = PBXBuildFile; productRef = 6D7FB030278EEB8700CC3AEC /* FirebaseDatabaseSwift-Beta */; };
		6D7FB034278EEBDD00CC3AEC /* Introspect in Frameworks */ = {isa = PBXBuildFile; productRef = 6D7FB033278EEBDD00CC3AEC /* Introspect */; };
		6D7FB037278EF17F00CC3AEC /* AuthenticationObserver.swift in Sources */ = {isa = PBXBuildFile; fileRef = 6D7FB036278EF17F00CC3AEC /* AuthenticationObserver.swift */; };
		6D7FB039278EFC1100CC3AEC /* LoginViewController.swift in Sources */ = {isa = PBXBuildFile; fileRef = 6D7FB038278EFC1100CC3AEC /* LoginViewController.swift */; };
		6D7FB03C279070DE00CC3AEC /* Group.swift in Sources */ = {isa = PBXBuildFile; fileRef = 6D7FB03B279070DE00CC3AEC /* Group.swift */; };
		6D7FB03E2790710400CC3AEC /* User.swift in Sources */ = {isa = PBXBuildFile; fileRef = 6D7FB03D2790710300CC3AEC /* User.swift */; };
		6D7FB04027907B3300CC3AEC /* Project.swift in Sources */ = {isa = PBXBuildFile; fileRef = 6D7FB03F27907B3300CC3AEC /* Project.swift */; };
		6D7FB04427907DD000CC3AEC /* Issue.swift in Sources */ = {isa = PBXBuildFile; fileRef = 6D7FB04327907DD000CC3AEC /* Issue.swift */; };
		6D7FB0462790834000CC3AEC /* FirebaseRepo.swift in Sources */ = {isa = PBXBuildFile; fileRef = 6D7FB0452790834000CC3AEC /* FirebaseRepo.swift */; };
		6D7FB048279594B000CC3AEC /* CreateGroupView.swift in Sources */ = {isa = PBXBuildFile; fileRef = 6D7FB047279594B000CC3AEC /* CreateGroupView.swift */; };
		6D7FB04A2795A46000CC3AEC /* TextFieldAlert.swift in Sources */ = {isa = PBXBuildFile; fileRef = 6D7FB0492795A46000CC3AEC /* TextFieldAlert.swift */; };
		6D7FB04C2796F50F00CC3AEC /* IssuePages.swift in Sources */ = {isa = PBXBuildFile; fileRef = 6D7FB04B2796F50F00CC3AEC /* IssuePages.swift */; };
		6D7FB04E27972A3D00CC3AEC /* EmptyProjectView.swift in Sources */ = {isa = PBXBuildFile; fileRef = 6D7FB04D27972A3D00CC3AEC /* EmptyProjectView.swift */; };
		6D7FB05027973BF400CC3AEC /* PickProjectView.swift in Sources */ = {isa = PBXBuildFile; fileRef = 6D7FB04F27973BF400CC3AEC /* PickProjectView.swift */; };
		6D7FB052279865D900CC3AEC /* ProgressViewStyle.swift in Sources */ = {isa = PBXBuildFile; fileRef = 6D7FB051279865D800CC3AEC /* ProgressViewStyle.swift */; };
		6D7FB05527988D3C00CC3AEC /* TextBinderManager.swift in Sources */ = {isa = PBXBuildFile; fileRef = 6D7FB05427988D3C00CC3AEC /* TextBinderManager.swift */; };
		6D7FB057279997CF00CC3AEC /* ProjectObserver.swift in Sources */ = {isa = PBXBuildFile; fileRef = 6D7FB056279997CE00CC3AEC /* ProjectObserver.swift */; };
		6D7FB05A2799992300CC3AEC /* GroupObserver.swift in Sources */ = {isa = PBXBuildFile; fileRef = 6D7FB0592799992300CC3AEC /* GroupObserver.swift */; };
		6D84EF2A277B11EF00BF633B /* AddIssueScreen.swift in Sources */ = {isa = PBXBuildFile; fileRef = 6D84EF29277B11EF00BF633B /* AddIssueScreen.swift */; };
		6D84EF2D277C8D0F00BF633B /* Stopwatch.swift in Sources */ = {isa = PBXBuildFile; fileRef = 6D84EF2C277C8D0F00BF633B /* Stopwatch.swift */; };
		6D9C073D278EE8BA00A6ECD1 /* GoogleService-Info.plist in Resources */ = {isa = PBXBuildFile; fileRef = 6D9C073C278EE8BA00A6ECD1 /* GoogleService-Info.plist */; };
		6DAA2DBA279C0BD100211ADF /* DateExtension.swift in Sources */ = {isa = PBXBuildFile; fileRef = 6DAA2DB9279C0BD100211ADF /* DateExtension.swift */; };
		6DAA2DBD279C2F4B00211ADF /* DatesObserver.swift in Sources */ = {isa = PBXBuildFile; fileRef = 6DAA2DBC279C2F4B00211ADF /* DatesObserver.swift */; };
		6DAA2DBF279C318D00211ADF /* ToggledDates.swift in Sources */ = {isa = PBXBuildFile; fileRef = 6DAA2DBE279C318D00211ADF /* ToggledDates.swift */; };
		6DAA2DC1279C677200211ADF /* IssueStateSheet.swift in Sources */ = {isa = PBXBuildFile; fileRef = 6DAA2DC0279C677200211ADF /* IssueStateSheet.swift */; };
		6DAA2DC4279C751500211ADF /* GroupUser.swift in Sources */ = {isa = PBXBuildFile; fileRef = 6DAA2DC3279C751500211ADF /* GroupUser.swift */; };
		6DAA2DC9279C764800211ADF /* StatisticView.swift in Sources */ = {isa = PBXBuildFile; fileRef = 6DAA2DC8279C764800211ADF /* StatisticView.swift */; };
		6DAA2DCB279C766300211ADF /* GroupUserObserver.swift in Sources */ = {isa = PBXBuildFile; fileRef = 6DAA2DCA279C766300211ADF /* GroupUserObserver.swift */; };
		6DAB9D9B2774F5BA00FEC0F2 /* CardView.swift in Sources */ = {isa = PBXBuildFile; fileRef = 6DAB9D9A2774F5BA00FEC0F2 /* CardView.swift */; };
		6DAB9D9D2775093700FEC0F2 /* ToggleStartView.swift in Sources */ = {isa = PBXBuildFile; fileRef = 6DAB9D9C2775093700FEC0F2 /* ToggleStartView.swift */; };
		6DAB9D9F2778FA5300FEC0F2 /* IssueRootView.swift in Sources */ = {isa = PBXBuildFile; fileRef = 6DAB9D9E2778FA5300FEC0F2 /* IssueRootView.swift */; };
		6DAB9DA12779B11200FEC0F2 /* View.swift in Sources */ = {isa = PBXBuildFile; fileRef = 6DAB9DA02779B11200FEC0F2 /* View.swift */; };
		6DDB16E1279EA8D40060C3D0 /* FirebaseErrors.swift in Sources */ = {isa = PBXBuildFile; fileRef = 6DDB16E0279EA8D20060C3D0 /* FirebaseErrors.swift */; };
		6DDB174C27A6E7710060C3D0 /* TabBarView.swift in Sources */ = {isa = PBXBuildFile; fileRef = 6DDB174B27A6E7710060C3D0 /* TabBarView.swift */; };
		6DDB175227A746F20060C3D0 /* MiddleProgressView.swift in Sources */ = {isa = PBXBuildFile; fileRef = 6DDB175127A746F20060C3D0 /* MiddleProgressView.swift */; };
		6DDB175427A749380060C3D0 /* IssueView.swift in Sources */ = {isa = PBXBuildFile; fileRef = 6DDB175327A749380060C3D0 /* IssueView.swift */; };
		6DECD2D22770900A007A13DD /* AppDelegate.swift in Sources */ = {isa = PBXBuildFile; fileRef = 6DECD2D12770900A007A13DD /* AppDelegate.swift */; };
		6DECD2D42770900A007A13DD /* SceneDelegate.swift in Sources */ = {isa = PBXBuildFile; fileRef = 6DECD2D32770900A007A13DD /* SceneDelegate.swift */; };
		6DECD2D92770900A007A13DD /* Main.storyboard in Resources */ = {isa = PBXBuildFile; fileRef = 6DECD2D72770900A007A13DD /* Main.storyboard */; };
		6DECD2DE27709010007A13DD /* Assets.xcassets in Resources */ = {isa = PBXBuildFile; fileRef = 6DECD2DD27709010007A13DD /* Assets.xcassets */; };
		6DECD2E127709010007A13DD /* LaunchScreen.storyboard in Resources */ = {isa = PBXBuildFile; fileRef = 6DECD2DF27709010007A13DD /* LaunchScreen.storyboard */; };
		6DECD2E9277091E2007A13DD /* LoginView.swift in Sources */ = {isa = PBXBuildFile; fileRef = 6DECD2E8277091E2007A13DD /* LoginView.swift */; };
/* End PBXBuildFile section */

/* Begin PBXFileReference section */
		6D431BF927709E330067D951 /* Color.swift */ = {isa = PBXFileReference; lastKnownFileType = sourcecode.swift; path = Color.swift; sourceTree = "<group>"; };
		6D431BFC2770B9AD0067D951 /* SignUpView.swift */ = {isa = PBXFileReference; lastKnownFileType = sourcecode.swift; path = SignUpView.swift; sourceTree = "<group>"; };
		6D431BFE2770C06B0067D951 /* TimerView.swift */ = {isa = PBXFileReference; lastKnownFileType = sourcecode.swift; path = TimerView.swift; sourceTree = "<group>"; };
		6D431C092770EDA90067D951 /* IssuePageView.swift */ = {isa = PBXFileReference; lastKnownFileType = sourcecode.swift; path = IssuePageView.swift; sourceTree = "<group>"; };
		6D431C0B2770EF5D0067D951 /* ToggleView.swift */ = {isa = PBXFileReference; lastKnownFileType = sourcecode.swift; path = ToggleView.swift; sourceTree = "<group>"; };
		6D431C0D2770FE6E0067D951 /* ProfilView.swift */ = {isa = PBXFileReference; lastKnownFileType = sourcecode.swift; path = ProfilView.swift; sourceTree = "<group>"; };
		6D431C172771D1340067D951 /* ChangeView.swift */ = {isa = PBXFileReference; lastKnownFileType = sourcecode.swift; path = ChangeView.swift; sourceTree = "<group>"; };
		6D431C192771D8FA0067D951 /* RootView.swift */ = {isa = PBXFileReference; lastKnownFileType = sourcecode.swift; path = RootView.swift; sourceTree = "<group>"; };
		6D431C1B2771D97C0067D951 /* ViewRouter.swift */ = {isa = PBXFileReference; lastKnownFileType = sourcecode.swift; path = ViewRouter.swift; sourceTree = "<group>"; };
		6D7FB036278EF17F00CC3AEC /* AuthenticationObserver.swift */ = {isa = PBXFileReference; lastKnownFileType = sourcecode.swift; path = AuthenticationObserver.swift; sourceTree = "<group>"; };
		6D7FB038278EFC1100CC3AEC /* LoginViewController.swift */ = {isa = PBXFileReference; lastKnownFileType = sourcecode.swift; path = LoginViewController.swift; sourceTree = "<group>"; };
		6D7FB03B279070DE00CC3AEC /* Group.swift */ = {isa = PBXFileReference; lastKnownFileType = sourcecode.swift; path = Group.swift; sourceTree = "<group>"; };
		6D7FB03D2790710300CC3AEC /* User.swift */ = {isa = PBXFileReference; lastKnownFileType = sourcecode.swift; path = User.swift; sourceTree = "<group>"; };
		6D7FB03F27907B3300CC3AEC /* Project.swift */ = {isa = PBXFileReference; lastKnownFileType = sourcecode.swift; path = Project.swift; sourceTree = "<group>"; };
		6D7FB04327907DD000CC3AEC /* Issue.swift */ = {isa = PBXFileReference; lastKnownFileType = sourcecode.swift; path = Issue.swift; sourceTree = "<group>"; };
		6D7FB0452790834000CC3AEC /* FirebaseRepo.swift */ = {isa = PBXFileReference; lastKnownFileType = sourcecode.swift; path = FirebaseRepo.swift; sourceTree = "<group>"; };
		6D7FB047279594B000CC3AEC /* CreateGroupView.swift */ = {isa = PBXFileReference; lastKnownFileType = sourcecode.swift; path = CreateGroupView.swift; sourceTree = "<group>"; };
		6D7FB0492795A46000CC3AEC /* TextFieldAlert.swift */ = {isa = PBXFileReference; lastKnownFileType = sourcecode.swift; path = TextFieldAlert.swift; sourceTree = "<group>"; };
		6D7FB04B2796F50F00CC3AEC /* IssuePages.swift */ = {isa = PBXFileReference; lastKnownFileType = sourcecode.swift; path = IssuePages.swift; sourceTree = "<group>"; };
		6D7FB04D27972A3D00CC3AEC /* EmptyProjectView.swift */ = {isa = PBXFileReference; lastKnownFileType = sourcecode.swift; path = EmptyProjectView.swift; sourceTree = "<group>"; };
		6D7FB04F27973BF400CC3AEC /* PickProjectView.swift */ = {isa = PBXFileReference; lastKnownFileType = sourcecode.swift; path = PickProjectView.swift; sourceTree = "<group>"; };
		6D7FB051279865D800CC3AEC /* ProgressViewStyle.swift */ = {isa = PBXFileReference; lastKnownFileType = sourcecode.swift; path = ProgressViewStyle.swift; sourceTree = "<group>"; };
		6D7FB05427988D3C00CC3AEC /* TextBinderManager.swift */ = {isa = PBXFileReference; lastKnownFileType = sourcecode.swift; path = TextBinderManager.swift; sourceTree = "<group>"; };
		6D7FB056279997CE00CC3AEC /* ProjectObserver.swift */ = {isa = PBXFileReference; lastKnownFileType = sourcecode.swift; path = ProjectObserver.swift; sourceTree = "<group>"; };
		6D7FB0592799992300CC3AEC /* GroupObserver.swift */ = {isa = PBXFileReference; lastKnownFileType = sourcecode.swift; path = GroupObserver.swift; sourceTree = "<group>"; };
		6D84EF29277B11EF00BF633B /* AddIssueScreen.swift */ = {isa = PBXFileReference; lastKnownFileType = sourcecode.swift; path = AddIssueScreen.swift; sourceTree = "<group>"; };
		6D84EF2C277C8D0F00BF633B /* Stopwatch.swift */ = {isa = PBXFileReference; lastKnownFileType = sourcecode.swift; path = Stopwatch.swift; sourceTree = "<group>"; };
		6D9C073C278EE8BA00A6ECD1 /* GoogleService-Info.plist */ = {isa = PBXFileReference; fileEncoding = 4; lastKnownFileType = text.plist.xml; path = "GoogleService-Info.plist"; sourceTree = "<group>"; };
		6DAA2DB9279C0BD100211ADF /* DateExtension.swift */ = {isa = PBXFileReference; lastKnownFileType = sourcecode.swift; path = DateExtension.swift; sourceTree = "<group>"; };
		6DAA2DBC279C2F4B00211ADF /* DatesObserver.swift */ = {isa = PBXFileReference; lastKnownFileType = sourcecode.swift; path = DatesObserver.swift; sourceTree = "<group>"; };
		6DAA2DBE279C318D00211ADF /* ToggledDates.swift */ = {isa = PBXFileReference; lastKnownFileType = sourcecode.swift; path = ToggledDates.swift; sourceTree = "<group>"; };
		6DAA2DC0279C677200211ADF /* IssueStateSheet.swift */ = {isa = PBXFileReference; lastKnownFileType = sourcecode.swift; path = IssueStateSheet.swift; sourceTree = "<group>"; };
		6DAA2DC3279C751500211ADF /* GroupUser.swift */ = {isa = PBXFileReference; lastKnownFileType = sourcecode.swift; path = GroupUser.swift; sourceTree = "<group>"; };
		6DAA2DC8279C764800211ADF /* StatisticView.swift */ = {isa = PBXFileReference; lastKnownFileType = sourcecode.swift; path = StatisticView.swift; sourceTree = "<group>"; };
		6DAA2DCA279C766300211ADF /* GroupUserObserver.swift */ = {isa = PBXFileReference; lastKnownFileType = sourcecode.swift; path = GroupUserObserver.swift; sourceTree = "<group>"; };
		6DAB9D9A2774F5BA00FEC0F2 /* CardView.swift */ = {isa = PBXFileReference; lastKnownFileType = sourcecode.swift; path = CardView.swift; sourceTree = "<group>"; };
		6DAB9D9C2775093700FEC0F2 /* ToggleStartView.swift */ = {isa = PBXFileReference; lastKnownFileType = sourcecode.swift; path = ToggleStartView.swift; sourceTree = "<group>"; };
		6DAB9D9E2778FA5300FEC0F2 /* IssueRootView.swift */ = {isa = PBXFileReference; lastKnownFileType = sourcecode.swift; path = IssueRootView.swift; sourceTree = "<group>"; };
		6DAB9DA02779B11200FEC0F2 /* View.swift */ = {isa = PBXFileReference; lastKnownFileType = sourcecode.swift; path = View.swift; sourceTree = "<group>"; };
		6DDB16E0279EA8D20060C3D0 /* FirebaseErrors.swift */ = {isa = PBXFileReference; lastKnownFileType = sourcecode.swift; path = FirebaseErrors.swift; sourceTree = "<group>"; };
		6DDB174B27A6E7710060C3D0 /* TabBarView.swift */ = {isa = PBXFileReference; lastKnownFileType = sourcecode.swift; path = TabBarView.swift; sourceTree = "<group>"; };
		6DDB175127A746F20060C3D0 /* MiddleProgressView.swift */ = {isa = PBXFileReference; lastKnownFileType = sourcecode.swift; path = MiddleProgressView.swift; sourceTree = "<group>"; };
		6DDB175327A749380060C3D0 /* IssueView.swift */ = {isa = PBXFileReference; lastKnownFileType = sourcecode.swift; path = IssueView.swift; sourceTree = "<group>"; };
		6DECD2CE2770900A007A13DD /* ClockWork.app */ = {isa = PBXFileReference; explicitFileType = wrapper.application; includeInIndex = 0; path = ClockWork.app; sourceTree = BUILT_PRODUCTS_DIR; };
		6DECD2D12770900A007A13DD /* AppDelegate.swift */ = {isa = PBXFileReference; lastKnownFileType = sourcecode.swift; path = AppDelegate.swift; sourceTree = "<group>"; };
		6DECD2D32770900A007A13DD /* SceneDelegate.swift */ = {isa = PBXFileReference; lastKnownFileType = sourcecode.swift; path = SceneDelegate.swift; sourceTree = "<group>"; };
		6DECD2D82770900A007A13DD /* Base */ = {isa = PBXFileReference; lastKnownFileType = file.storyboard; name = Base; path = Base.lproj/Main.storyboard; sourceTree = "<group>"; };
		6DECD2DD27709010007A13DD /* Assets.xcassets */ = {isa = PBXFileReference; lastKnownFileType = folder.assetcatalog; path = Assets.xcassets; sourceTree = "<group>"; };
		6DECD2E027709010007A13DD /* Base */ = {isa = PBXFileReference; lastKnownFileType = file.storyboard; name = Base; path = Base.lproj/LaunchScreen.storyboard; sourceTree = "<group>"; };
		6DECD2E227709010007A13DD /* Info.plist */ = {isa = PBXFileReference; lastKnownFileType = text.plist.xml; path = Info.plist; sourceTree = "<group>"; };
		6DECD2E8277091E2007A13DD /* LoginView.swift */ = {isa = PBXFileReference; lastKnownFileType = sourcecode.swift; path = LoginView.swift; sourceTree = "<group>"; };
/* End PBXFileReference section */

/* Begin PBXFrameworksBuildPhase section */
		6DECD2CB2770900A007A13DD /* Frameworks */ = {
			isa = PBXFrameworksBuildPhase;
			buildActionMask = 2147483647;
			files = (
				6D7FB02F278EEB8700CC3AEC /* FirebaseDatabase in Frameworks */,
				6D7FB02B278EEB8700CC3AEC /* FirebaseAuth in Frameworks */,
				6D7FB034278EEBDD00CC3AEC /* Introspect in Frameworks */,
				6D7FB031278EEB8700CC3AEC /* FirebaseDatabaseSwift-Beta in Frameworks */,
				6D7FB02D278EEB8700CC3AEC /* FirebaseAuthCombine-Community in Frameworks */,
			);
			runOnlyForDeploymentPostprocessing = 0;
		};
/* End PBXFrameworksBuildPhase section */

/* Begin PBXGroup section */
		6D431BFB2770B95D0067D951 /* Views */ = {
			isa = PBXGroup;
			children = (
				6D431C172771D1340067D951 /* ChangeView.swift */,
				6DDB175027A746C10060C3D0 /* ProgressView */,
				6D7FB035278EF08C00CC3AEC /* Login */,
				6D431C002770EAD40067D951 /* Tabbar */,
				6D84EF2B277C8CD300BF633B /* Timer */,
				6DAB9DA22779C05500FEC0F2 /* IssueBoard */,
				6D7FB058279998DF00CC3AEC /* Group */,
				6D7FB05B279AB6D700CC3AEC /* IssueSheet */,
				6DAA2DBB279C2EEE00211ADF /* ShowDates */,
				6DAA2DC2279C71FB00211ADF /* StatisticView */,
				6D431C0D2770FE6E0067D951 /* ProfilView.swift */,
			);
			path = Views;
			sourceTree = "<group>";
		};
		6D431C002770EAD40067D951 /* Tabbar */ = {
			isa = PBXGroup;
			children = (
				6D431C192771D8FA0067D951 /* RootView.swift */,
				6DDB174B27A6E7710060C3D0 /* TabBarView.swift */,
			);
			path = Tabbar;
			sourceTree = "<group>";
		};
		6D431C142771D0240067D951 /* Extension */ = {
			isa = PBXGroup;
			children = (
				6D431BF927709E330067D951 /* Color.swift */,
				6DAB9DA02779B11200FEC0F2 /* View.swift */,
				6D7FB0492795A46000CC3AEC /* TextFieldAlert.swift */,
				6D7FB051279865D800CC3AEC /* ProgressViewStyle.swift */,
				6DAA2DB9279C0BD100211ADF /* DateExtension.swift */,
				6DDB16E0279EA8D20060C3D0 /* FirebaseErrors.swift */,
			);
			path = Extension;
			sourceTree = "<group>";
		};
		6D7FB035278EF08C00CC3AEC /* Login */ = {
			isa = PBXGroup;
			children = (
				6DECD2E8277091E2007A13DD /* LoginView.swift */,
				6D431BFC2770B9AD0067D951 /* SignUpView.swift */,
				6D7FB038278EFC1100CC3AEC /* LoginViewController.swift */,
			);
			path = Login;
			sourceTree = "<group>";
		};
		6D7FB03A279070A200CC3AEC /* Model */ = {
			isa = PBXGroup;
			children = (
				6D7FB03B279070DE00CC3AEC /* Group.swift */,
				6D7FB03D2790710300CC3AEC /* User.swift */,
				6D7FB03F27907B3300CC3AEC /* Project.swift */,
				6D7FB04327907DD000CC3AEC /* Issue.swift */,
				6D7FB04B2796F50F00CC3AEC /* IssuePages.swift */,
				6DAA2DBE279C318D00211ADF /* ToggledDates.swift */,
				6DAA2DC3279C751500211ADF /* GroupUser.swift */,
			);
			path = Model;
			sourceTree = "<group>";
		};
		6D7FB05327988D2000CC3AEC /* Helper */ = {
			isa = PBXGroup;
			children = (
				6D7FB0452790834000CC3AEC /* FirebaseRepo.swift */,
				6D7FB05427988D3C00CC3AEC /* TextBinderManager.swift */,
			);
			path = Helper;
			sourceTree = "<group>";
		};
		6D7FB058279998DF00CC3AEC /* Group */ = {
			isa = PBXGroup;
			children = (
				6D7FB047279594B000CC3AEC /* CreateGroupView.swift */,
			);
			path = Group;
			sourceTree = "<group>";
		};
		6D7FB05B279AB6D700CC3AEC /* IssueSheet */ = {
			isa = PBXGroup;
			children = (
				6DAB9D9C2775093700FEC0F2 /* ToggleStartView.swift */,
			);
			path = IssueSheet;
			sourceTree = "<group>";
		};
		6D84EF2B277C8CD300BF633B /* Timer */ = {
			isa = PBXGroup;
			children = (
				6D431BFE2770C06B0067D951 /* TimerView.swift */,
			);
			path = Timer;
			sourceTree = "<group>";
		};
		6DAA2DBB279C2EEE00211ADF /* ShowDates */ = {
			isa = PBXGroup;
			children = (
				6D431C0B2770EF5D0067D951 /* ToggleView.swift */,
				6DAB9D9A2774F5BA00FEC0F2 /* CardView.swift */,
			);
			path = ShowDates;
			sourceTree = "<group>";
		};
		6DAA2DC2279C71FB00211ADF /* StatisticView */ = {
			isa = PBXGroup;
			children = (
				6DAA2DC8279C764800211ADF /* StatisticView.swift */,
				6DAA2DCA279C766300211ADF /* GroupUserObserver.swift */,
			);
			path = StatisticView;
			sourceTree = "<group>";
		};
		6DAB9DA22779C05500FEC0F2 /* IssueBoard */ = {
			isa = PBXGroup;
			children = (
				6DAB9D9E2778FA5300FEC0F2 /* IssueRootView.swift */,
				6DDB175327A749380060C3D0 /* IssueView.swift */,
				6D431C092770EDA90067D951 /* IssuePageView.swift */,
				6D84EF29277B11EF00BF633B /* AddIssueScreen.swift */,
				6D7FB04D27972A3D00CC3AEC /* EmptyProjectView.swift */,
				6D7FB04F27973BF400CC3AEC /* PickProjectView.swift */,
				6DAA2DC0279C677200211ADF /* IssueStateSheet.swift */,
			);
			path = IssueBoard;
			sourceTree = "<group>";
		};
		6DDB174D27A714C50060C3D0 /* ViewModal */ = {
			isa = PBXGroup;
			children = (
				6D431C1B2771D97C0067D951 /* ViewRouter.swift */,
				6D7FB056279997CE00CC3AEC /* ProjectObserver.swift */,
				6D7FB0592799992300CC3AEC /* GroupObserver.swift */,
				6D7FB036278EF17F00CC3AEC /* AuthenticationObserver.swift */,
				6DAA2DBC279C2F4B00211ADF /* DatesObserver.swift */,
				6D84EF2C277C8D0F00BF633B /* Stopwatch.swift */,
			);
			path = ViewModal;
			sourceTree = "<group>";
		};
		6DDB175027A746C10060C3D0 /* ProgressView */ = {
			isa = PBXGroup;
			children = (
				6DDB175127A746F20060C3D0 /* MiddleProgressView.swift */,
			);
			path = ProgressView;
			sourceTree = "<group>";
		};
		6DECD2C52770900A007A13DD = {
			isa = PBXGroup;
			children = (
				6DECD2D02770900A007A13DD /* ClockWork */,
				6DECD2CF2770900A007A13DD /* Products */,
			);
			sourceTree = "<group>";
		};
		6DECD2CF2770900A007A13DD /* Products */ = {
			isa = PBXGroup;
			children = (
				6DECD2CE2770900A007A13DD /* ClockWork.app */,
			);
			name = Products;
			sourceTree = "<group>";
		};
		6DECD2D02770900A007A13DD /* ClockWork */ = {
			isa = PBXGroup;
			children = (
				6D7FB05327988D2000CC3AEC /* Helper */,
				6D431C142771D0240067D951 /* Extension */,
				6D7FB03A279070A200CC3AEC /* Model */,
				6D431BFB2770B95D0067D951 /* Views */,
				6DDB174D27A714C50060C3D0 /* ViewModal */,
				6DECD2D12770900A007A13DD /* AppDelegate.swift */,
				6DECD2D32770900A007A13DD /* SceneDelegate.swift */,
				6DECD2D72770900A007A13DD /* Main.storyboard */,
				6DECD2DD27709010007A13DD /* Assets.xcassets */,
				6DECD2DF27709010007A13DD /* LaunchScreen.storyboard */,
				6DECD2E227709010007A13DD /* Info.plist */,
				6D9C073C278EE8BA00A6ECD1 /* GoogleService-Info.plist */,
			);
			path = ClockWork;
			sourceTree = "<group>";
		};
/* End PBXGroup section */

/* Begin PBXNativeTarget section */
		6DECD2CD2770900A007A13DD /* ClockWork */ = {
			isa = PBXNativeTarget;
			buildConfigurationList = 6DECD2E527709010007A13DD /* Build configuration list for PBXNativeTarget "ClockWork" */;
			buildPhases = (
				6DECD2CA2770900A007A13DD /* Sources */,
				6DECD2CB2770900A007A13DD /* Frameworks */,
				6DECD2CC2770900A007A13DD /* Resources */,
			);
			buildRules = (
			);
			dependencies = (
			);
			name = ClockWork;
			packageProductDependencies = (
				6D7FB02A278EEB8700CC3AEC /* FirebaseAuth */,
				6D7FB02C278EEB8700CC3AEC /* FirebaseAuthCombine-Community */,
				6D7FB02E278EEB8700CC3AEC /* FirebaseDatabase */,
				6D7FB030278EEB8700CC3AEC /* FirebaseDatabaseSwift-Beta */,
				6D7FB033278EEBDD00CC3AEC /* Introspect */,
			);
			productName = ClockWork;
			productReference = 6DECD2CE2770900A007A13DD /* ClockWork.app */;
			productType = "com.apple.product-type.application";
		};
/* End PBXNativeTarget section */

/* Begin PBXProject section */
		6DECD2C62770900A007A13DD /* Project object */ = {
			isa = PBXProject;
			attributes = {
				BuildIndependentTargetsInParallel = 1;
				LastSwiftUpdateCheck = 1320;
				LastUpgradeCheck = 1320;
				TargetAttributes = {
					6DECD2CD2770900A007A13DD = {
						CreatedOnToolsVersion = 13.2;
					};
				};
			};
			buildConfigurationList = 6DECD2C92770900A007A13DD /* Build configuration list for PBXProject "ClockWork" */;
			compatibilityVersion = "Xcode 13.0";
			developmentRegion = en;
			hasScannedForEncodings = 0;
			knownRegions = (
				en,
				Base,
			);
			mainGroup = 6DECD2C52770900A007A13DD;
			packageReferences = (
				6D7FB029278EEB8700CC3AEC /* XCRemoteSwiftPackageReference "firebase-ios-sdk" */,
				6D7FB032278EEBDC00CC3AEC /* XCRemoteSwiftPackageReference "SwiftUI-Introspect" */,
			);
			productRefGroup = 6DECD2CF2770900A007A13DD /* Products */;
			projectDirPath = "";
			projectRoot = "";
			targets = (
				6DECD2CD2770900A007A13DD /* ClockWork */,
			);
		};
/* End PBXProject section */

/* Begin PBXResourcesBuildPhase section */
		6DECD2CC2770900A007A13DD /* Resources */ = {
			isa = PBXResourcesBuildPhase;
			buildActionMask = 2147483647;
			files = (
				6D9C073D278EE8BA00A6ECD1 /* GoogleService-Info.plist in Resources */,
				6DECD2E127709010007A13DD /* LaunchScreen.storyboard in Resources */,
				6DECD2DE27709010007A13DD /* Assets.xcassets in Resources */,
				6DECD2D92770900A007A13DD /* Main.storyboard in Resources */,
			);
			runOnlyForDeploymentPostprocessing = 0;
		};
/* End PBXResourcesBuildPhase section */

/* Begin PBXSourcesBuildPhase section */
		6DECD2CA2770900A007A13DD /* Sources */ = {
			isa = PBXSourcesBuildPhase;
			buildActionMask = 2147483647;
			files = (
				6D431C182771D1340067D951 /* ChangeView.swift in Sources */,
				6D7FB04027907B3300CC3AEC /* Project.swift in Sources */,
				6D84EF2D277C8D0F00BF633B /* Stopwatch.swift in Sources */,
				6D431C0A2770EDA90067D951 /* IssuePageView.swift in Sources */,
				6DAB9D9B2774F5BA00FEC0F2 /* CardView.swift in Sources */,
				6DAA2DC9279C764800211ADF /* StatisticView.swift in Sources */,
				6DAA2DC4279C751500211ADF /* GroupUser.swift in Sources */,
				6DDB175427A749380060C3D0 /* IssueView.swift in Sources */,
				6D431C0C2770EF5D0067D951 /* ToggleView.swift in Sources */,
				6D7FB037278EF17F00CC3AEC /* AuthenticationObserver.swift in Sources */,
				6D7FB05027973BF400CC3AEC /* PickProjectView.swift in Sources */,
				6D7FB04A2795A46000CC3AEC /* TextFieldAlert.swift in Sources */,
				6DAA2DC1279C677200211ADF /* IssueStateSheet.swift in Sources */,
				6D7FB05527988D3C00CC3AEC /* TextBinderManager.swift in Sources */,
				6DAA2DBA279C0BD100211ADF /* DateExtension.swift in Sources */,
				6D431C0E2770FE6F0067D951 /* ProfilView.swift in Sources */,
				6D7FB05A2799992300CC3AEC /* GroupObserver.swift in Sources */,
				6DAB9DA12779B11200FEC0F2 /* View.swift in Sources */,
				6D7FB039278EFC1100CC3AEC /* LoginViewController.swift in Sources */,
				6D431C1A2771D8FA0067D951 /* RootView.swift in Sources */,
				6D7FB052279865D900CC3AEC /* ProgressViewStyle.swift in Sources */,
				6DAA2DBD279C2F4B00211ADF /* DatesObserver.swift in Sources */,
				6DECD2D22770900A007A13DD /* AppDelegate.swift in Sources */,
				6DDB175227A746F20060C3D0 /* MiddleProgressView.swift in Sources */,
				6D431BFD2770B9AD0067D951 /* SignUpView.swift in Sources */,
				6DECD2D42770900A007A13DD /* SceneDelegate.swift in Sources */,
				6DAB9D9D2775093700FEC0F2 /* ToggleStartView.swift in Sources */,
				6DECD2E9277091E2007A13DD /* LoginView.swift in Sources */,
				6DDB174C27A6E7710060C3D0 /* TabBarView.swift in Sources */,
				6DAA2DCB279C766300211ADF /* GroupUserObserver.swift in Sources */,
				6D7FB04E27972A3D00CC3AEC /* EmptyProjectView.swift in Sources */,
				6DAB9D9F2778FA5300FEC0F2 /* IssueRootView.swift in Sources */,
				6DDB16E1279EA8D40060C3D0 /* FirebaseErrors.swift in Sources */,
				6DAA2DBF279C318D00211ADF /* ToggledDates.swift in Sources */,
				6D7FB0462790834000CC3AEC /* FirebaseRepo.swift in Sources */,
				6D7FB057279997CF00CC3AEC /* ProjectObserver.swift in Sources */,
				6D84EF2A277B11EF00BF633B /* AddIssueScreen.swift in Sources */,
				6D7FB03C279070DE00CC3AEC /* Group.swift in Sources */,
				6D7FB048279594B000CC3AEC /* CreateGroupView.swift in Sources */,
				6D7FB03E2790710400CC3AEC /* User.swift in Sources */,
				6D431C1C2771D97C0067D951 /* ViewRouter.swift in Sources */,
				6D431BFF2770C06B0067D951 /* TimerView.swift in Sources */,
				6D7FB04C2796F50F00CC3AEC /* IssuePages.swift in Sources */,
				6D431BFA27709E330067D951 /* Color.swift in Sources */,
				6D7FB04427907DD000CC3AEC /* Issue.swift in Sources */,
			);
			runOnlyForDeploymentPostprocessing = 0;
		};
/* End PBXSourcesBuildPhase section */

/* Begin PBXVariantGroup section */
		6DECD2D72770900A007A13DD /* Main.storyboard */ = {
			isa = PBXVariantGroup;
			children = (
				6DECD2D82770900A007A13DD /* Base */,
			);
			name = Main.storyboard;
			sourceTree = "<group>";
		};
		6DECD2DF27709010007A13DD /* LaunchScreen.storyboard */ = {
			isa = PBXVariantGroup;
			children = (
				6DECD2E027709010007A13DD /* Base */,
			);
			name = LaunchScreen.storyboard;
			sourceTree = "<group>";
		};
/* End PBXVariantGroup section */

/* Begin XCBuildConfiguration section */
		6DECD2E327709010007A13DD /* Debug */ = {
			isa = XCBuildConfiguration;
			buildSettings = {
				ALWAYS_SEARCH_USER_PATHS = NO;
				CLANG_ANALYZER_NONNULL = YES;
				CLANG_ANALYZER_NUMBER_OBJECT_CONVERSION = YES_AGGRESSIVE;
				CLANG_CXX_LANGUAGE_STANDARD = "gnu++17";
				CLANG_CXX_LIBRARY = "libc++";
				CLANG_ENABLE_MODULES = YES;
				CLANG_ENABLE_OBJC_ARC = YES;
				CLANG_ENABLE_OBJC_WEAK = YES;
				CLANG_WARN_BLOCK_CAPTURE_AUTORELEASING = YES;
				CLANG_WARN_BOOL_CONVERSION = YES;
				CLANG_WARN_COMMA = YES;
				CLANG_WARN_CONSTANT_CONVERSION = YES;
				CLANG_WARN_DEPRECATED_OBJC_IMPLEMENTATIONS = YES;
				CLANG_WARN_DIRECT_OBJC_ISA_USAGE = YES_ERROR;
				CLANG_WARN_DOCUMENTATION_COMMENTS = YES;
				CLANG_WARN_EMPTY_BODY = YES;
				CLANG_WARN_ENUM_CONVERSION = YES;
				CLANG_WARN_INFINITE_RECURSION = YES;
				CLANG_WARN_INT_CONVERSION = YES;
				CLANG_WARN_NON_LITERAL_NULL_CONVERSION = YES;
				CLANG_WARN_OBJC_IMPLICIT_RETAIN_SELF = YES;
				CLANG_WARN_OBJC_LITERAL_CONVERSION = YES;
				CLANG_WARN_OBJC_ROOT_CLASS = YES_ERROR;
				CLANG_WARN_QUOTED_INCLUDE_IN_FRAMEWORK_HEADER = YES;
				CLANG_WARN_RANGE_LOOP_ANALYSIS = YES;
				CLANG_WARN_STRICT_PROTOTYPES = YES;
				CLANG_WARN_SUSPICIOUS_MOVE = YES;
				CLANG_WARN_UNGUARDED_AVAILABILITY = YES_AGGRESSIVE;
				CLANG_WARN_UNREACHABLE_CODE = YES;
				CLANG_WARN__DUPLICATE_METHOD_MATCH = YES;
				COPY_PHASE_STRIP = NO;
				DEBUG_INFORMATION_FORMAT = dwarf;
				ENABLE_STRICT_OBJC_MSGSEND = YES;
				ENABLE_TESTABILITY = YES;
				GCC_C_LANGUAGE_STANDARD = gnu11;
				GCC_DYNAMIC_NO_PIC = NO;
				GCC_NO_COMMON_BLOCKS = YES;
				GCC_OPTIMIZATION_LEVEL = 0;
				GCC_PREPROCESSOR_DEFINITIONS = (
					"DEBUG=1",
					"$(inherited)",
				);
				GCC_WARN_64_TO_32_BIT_CONVERSION = YES;
				GCC_WARN_ABOUT_RETURN_TYPE = YES_ERROR;
				GCC_WARN_UNDECLARED_SELECTOR = YES;
				GCC_WARN_UNINITIALIZED_AUTOS = YES_AGGRESSIVE;
				GCC_WARN_UNUSED_FUNCTION = YES;
				GCC_WARN_UNUSED_VARIABLE = YES;
				IPHONEOS_DEPLOYMENT_TARGET = 14.0;
				MTL_ENABLE_DEBUG_INFO = INCLUDE_SOURCE;
				MTL_FAST_MATH = YES;
				ONLY_ACTIVE_ARCH = YES;
				SDKROOT = iphoneos;
				SWIFT_ACTIVE_COMPILATION_CONDITIONS = DEBUG;
				SWIFT_OPTIMIZATION_LEVEL = "-Onone";
			};
			name = Debug;
		};
		6DECD2E427709010007A13DD /* Release */ = {
			isa = XCBuildConfiguration;
			buildSettings = {
				ALWAYS_SEARCH_USER_PATHS = NO;
				CLANG_ANALYZER_NONNULL = YES;
				CLANG_ANALYZER_NUMBER_OBJECT_CONVERSION = YES_AGGRESSIVE;
				CLANG_CXX_LANGUAGE_STANDARD = "gnu++17";
				CLANG_CXX_LIBRARY = "libc++";
				CLANG_ENABLE_MODULES = YES;
				CLANG_ENABLE_OBJC_ARC = YES;
				CLANG_ENABLE_OBJC_WEAK = YES;
				CLANG_WARN_BLOCK_CAPTURE_AUTORELEASING = YES;
				CLANG_WARN_BOOL_CONVERSION = YES;
				CLANG_WARN_COMMA = YES;
				CLANG_WARN_CONSTANT_CONVERSION = YES;
				CLANG_WARN_DEPRECATED_OBJC_IMPLEMENTATIONS = YES;
				CLANG_WARN_DIRECT_OBJC_ISA_USAGE = YES_ERROR;
				CLANG_WARN_DOCUMENTATION_COMMENTS = YES;
				CLANG_WARN_EMPTY_BODY = YES;
				CLANG_WARN_ENUM_CONVERSION = YES;
				CLANG_WARN_INFINITE_RECURSION = YES;
				CLANG_WARN_INT_CONVERSION = YES;
				CLANG_WARN_NON_LITERAL_NULL_CONVERSION = YES;
				CLANG_WARN_OBJC_IMPLICIT_RETAIN_SELF = YES;
				CLANG_WARN_OBJC_LITERAL_CONVERSION = YES;
				CLANG_WARN_OBJC_ROOT_CLASS = YES_ERROR;
				CLANG_WARN_QUOTED_INCLUDE_IN_FRAMEWORK_HEADER = YES;
				CLANG_WARN_RANGE_LOOP_ANALYSIS = YES;
				CLANG_WARN_STRICT_PROTOTYPES = YES;
				CLANG_WARN_SUSPICIOUS_MOVE = YES;
				CLANG_WARN_UNGUARDED_AVAILABILITY = YES_AGGRESSIVE;
				CLANG_WARN_UNREACHABLE_CODE = YES;
				CLANG_WARN__DUPLICATE_METHOD_MATCH = YES;
				COPY_PHASE_STRIP = NO;
				DEBUG_INFORMATION_FORMAT = "dwarf-with-dsym";
				ENABLE_NS_ASSERTIONS = NO;
				ENABLE_STRICT_OBJC_MSGSEND = YES;
				GCC_C_LANGUAGE_STANDARD = gnu11;
				GCC_NO_COMMON_BLOCKS = YES;
				GCC_WARN_64_TO_32_BIT_CONVERSION = YES;
				GCC_WARN_ABOUT_RETURN_TYPE = YES_ERROR;
				GCC_WARN_UNDECLARED_SELECTOR = YES;
				GCC_WARN_UNINITIALIZED_AUTOS = YES_AGGRESSIVE;
				GCC_WARN_UNUSED_FUNCTION = YES;
				GCC_WARN_UNUSED_VARIABLE = YES;
				IPHONEOS_DEPLOYMENT_TARGET = 14.0;
				MTL_ENABLE_DEBUG_INFO = NO;
				MTL_FAST_MATH = YES;
				SDKROOT = iphoneos;
				SWIFT_COMPILATION_MODE = wholemodule;
				SWIFT_OPTIMIZATION_LEVEL = "-O";
				VALIDATE_PRODUCT = YES;
			};
			name = Release;
		};
		6DECD2E627709010007A13DD /* Debug */ = {
			isa = XCBuildConfiguration;
			buildSettings = {
				ASSETCATALOG_COMPILER_APPICON_NAME = AppIcon;
				ASSETCATALOG_COMPILER_GLOBAL_ACCENT_COLOR_NAME = AccentColor;
				CODE_SIGN_STYLE = Automatic;
				CURRENT_PROJECT_VERSION = 1;
				DEVELOPMENT_TEAM = 55SS68Y4G4;
				GENERATE_INFOPLIST_FILE = YES;
				INFOPLIST_FILE = ClockWork/Info.plist;
				INFOPLIST_KEY_UIApplicationSupportsIndirectInputEvents = YES;
				INFOPLIST_KEY_UILaunchStoryboardName = LaunchScreen;
				INFOPLIST_KEY_UIMainStoryboardFile = Main;
				INFOPLIST_KEY_UISupportedInterfaceOrientations_iPad = "UIInterfaceOrientationPortrait UIInterfaceOrientationPortraitUpsideDown UIInterfaceOrientationLandscapeLeft UIInterfaceOrientationLandscapeRight";
				INFOPLIST_KEY_UISupportedInterfaceOrientations_iPhone = "UIInterfaceOrientationPortrait UIInterfaceOrientationLandscapeLeft UIInterfaceOrientationLandscapeRight";
				INFOPLIST_KEY_UIUserInterfaceStyle = Light;
				IPHONEOS_DEPLOYMENT_TARGET = 14.0;
				LD_RUNPATH_SEARCH_PATHS = (
					"$(inherited)",
					"@executable_path/Frameworks",
				);
				MARKETING_VERSION = 1.0;
				PRODUCT_BUNDLE_IDENTIFIER = de.clockworkproject.ClockWork;
				PRODUCT_NAME = "$(TARGET_NAME)";
				SWIFT_EMIT_LOC_STRINGS = YES;
				SWIFT_VERSION = 5.0;
				TARGETED_DEVICE_FAMILY = 1;
			};
			name = Debug;
		};
		6DECD2E727709010007A13DD /* Release */ = {
			isa = XCBuildConfiguration;
			buildSettings = {
				ASSETCATALOG_COMPILER_APPICON_NAME = AppIcon;
				ASSETCATALOG_COMPILER_GLOBAL_ACCENT_COLOR_NAME = AccentColor;
				CODE_SIGN_STYLE = Automatic;
				CURRENT_PROJECT_VERSION = 1;
				DEVELOPMENT_TEAM = 55SS68Y4G4;
				GENERATE_INFOPLIST_FILE = YES;
				INFOPLIST_FILE = ClockWork/Info.plist;
				INFOPLIST_KEY_UIApplicationSupportsIndirectInputEvents = YES;
				INFOPLIST_KEY_UILaunchStoryboardName = LaunchScreen;
				INFOPLIST_KEY_UIMainStoryboardFile = Main;
				INFOPLIST_KEY_UISupportedInterfaceOrientations_iPad = "UIInterfaceOrientationPortrait UIInterfaceOrientationPortraitUpsideDown UIInterfaceOrientationLandscapeLeft UIInterfaceOrientationLandscapeRight";
				INFOPLIST_KEY_UISupportedInterfaceOrientations_iPhone = "UIInterfaceOrientationPortrait UIInterfaceOrientationLandscapeLeft UIInterfaceOrientationLandscapeRight";
				INFOPLIST_KEY_UIUserInterfaceStyle = Light;
				IPHONEOS_DEPLOYMENT_TARGET = 14.0;
				LD_RUNPATH_SEARCH_PATHS = (
					"$(inherited)",
					"@executable_path/Frameworks",
				);
				MARKETING_VERSION = 1.0;
				PRODUCT_BUNDLE_IDENTIFIER = de.clockworkproject.ClockWork;
				PRODUCT_NAME = "$(TARGET_NAME)";
				SWIFT_EMIT_LOC_STRINGS = YES;
				SWIFT_VERSION = 5.0;
				TARGETED_DEVICE_FAMILY = 1;
			};
			name = Release;
		};
/* End XCBuildConfiguration section */

/* Begin XCConfigurationList section */
		6DECD2C92770900A007A13DD /* Build configuration list for PBXProject "ClockWork" */ = {
			isa = XCConfigurationList;
			buildConfigurations = (
				6DECD2E327709010007A13DD /* Debug */,
				6DECD2E427709010007A13DD /* Release */,
			);
			defaultConfigurationIsVisible = 0;
			defaultConfigurationName = Release;
		};
		6DECD2E527709010007A13DD /* Build configuration list for PBXNativeTarget "ClockWork" */ = {
			isa = XCConfigurationList;
			buildConfigurations = (
				6DECD2E627709010007A13DD /* Debug */,
				6DECD2E727709010007A13DD /* Release */,
			);
			defaultConfigurationIsVisible = 0;
			defaultConfigurationName = Release;
		};
/* End XCConfigurationList section */

/* Begin XCRemoteSwiftPackageReference section */
		6D7FB029278EEB8700CC3AEC /* XCRemoteSwiftPackageReference "firebase-ios-sdk" */ = {
			isa = XCRemoteSwiftPackageReference;
			repositoryURL = "https://github.com/firebase/firebase-ios-sdk";
			requirement = {
				branch = master;
				kind = branch;
			};
		};
		6D7FB032278EEBDC00CC3AEC /* XCRemoteSwiftPackageReference "SwiftUI-Introspect" */ = {
			isa = XCRemoteSwiftPackageReference;
			repositoryURL = "https://github.com/siteline/SwiftUI-Introspect.git";
			requirement = {
				branch = master;
				kind = branch;
			};
		};
/* End XCRemoteSwiftPackageReference section */

/* Begin XCSwiftPackageProductDependency section */
		6D7FB02A278EEB8700CC3AEC /* FirebaseAuth */ = {
			isa = XCSwiftPackageProductDependency;
			package = 6D7FB029278EEB8700CC3AEC /* XCRemoteSwiftPackageReference "firebase-ios-sdk" */;
			productName = FirebaseAuth;
		};
		6D7FB02C278EEB8700CC3AEC /* FirebaseAuthCombine-Community */ = {
			isa = XCSwiftPackageProductDependency;
			package = 6D7FB029278EEB8700CC3AEC /* XCRemoteSwiftPackageReference "firebase-ios-sdk" */;
			productName = "FirebaseAuthCombine-Community";
		};
		6D7FB02E278EEB8700CC3AEC /* FirebaseDatabase */ = {
			isa = XCSwiftPackageProductDependency;
			package = 6D7FB029278EEB8700CC3AEC /* XCRemoteSwiftPackageReference "firebase-ios-sdk" */;
			productName = FirebaseDatabase;
		};
		6D7FB030278EEB8700CC3AEC /* FirebaseDatabaseSwift-Beta */ = {
			isa = XCSwiftPackageProductDependency;
			package = 6D7FB029278EEB8700CC3AEC /* XCRemoteSwiftPackageReference "firebase-ios-sdk" */;
			productName = "FirebaseDatabaseSwift-Beta";
		};
		6D7FB033278EEBDD00CC3AEC /* Introspect */ = {
			isa = XCSwiftPackageProductDependency;
			package = 6D7FB032278EEBDC00CC3AEC /* XCRemoteSwiftPackageReference "SwiftUI-Introspect" */;
			productName = Introspect;
		};
/* End XCSwiftPackageProductDependency section */
	};
	rootObject = 6DECD2C62770900A007A13DD /* Project object */;
}
